{
  "originHash" : "931440278103ba39b2d835f2c346aeb873ebcb4ff41767ce2ae24e250b359dbe",
  "pins" : [
    {
      "identity" : "apollo-ios",
      "kind" : "remoteSourceControl",
      "location" : "https://github.com/apollographql/apollo-ios.git",
      "state" : {
        "revision" : "38c202227d0f09508e573dcf22f54885cfb0c5d4",
        "version" : "2.1.2"
      }
    }
  ],
  "version" : 3
}
